
Microsoft Visual Studio Solution File, Format Version 12.00
# Visual Studio 2012
Project("{8BC9CEB8-8B4A-11D0-8D11-00A0C91BC942}") = "SingaporeSkiing", "SingaporeSkiing\SingaporeSkiing.vcxproj", "{CF7F72A6-B6B0-4CB7-9DCF-3B233EE0D009}"
EndProject
Project("{8BC9CEB8-8B4A-11D0-8D11-00A0C91BC942}") = "SingaporeSkiingTest", "SingaporeSkiingTest\SingaporeSkiingTest.vcxproj", "{8D56DC58-423B-40CD-8F85-AACFD76FF1BC}"
EndProject
Project("{8BC9CEB8-8B4A-11D0-8D11-00A0C91BC942}") = "SingaporeSkiingDll", "SingaporeSkiingDll\SingaporeSkiingDll.vcxproj", "{B86C94BE-AF0D-4A16-B53B-48C4DD0F7415}"
EndProject
Global
	GlobalSection(SolutionConfigurationPlatforms) = preSolution
		Debug|Win32 = Debug|Win32
		Release|Win32 = Release|Win32
	EndGlobalSection
	GlobalSection(ProjectConfigurationPlatforms) = postSolution
		{CF7F72A6-B6B0-4CB7-9DCF-3B233EE0D009}.Debug|Win32.ActiveCfg = Debug|Win32
		{CF7F72A6-B6B0-4CB7-9DCF-3B233EE0D009}.Debug|Win32.Build.0 = Debug|Win32
		{CF7F72A6-B6B0-4CB7-9DCF-3B233EE0D009}.Release|Win32.ActiveCfg = Release|Win32
		{CF7F72A6-B6B0-4CB7-9DCF-3B233EE0D009}.Release|Win32.Build.0 = Release|Win32
		{8D56DC58-423B-40CD-8F85-AACFD76FF1BC}.Debug|Win32.ActiveCfg = Debug|Win32
		{8D56DC58-423B-40CD-8F85-AACFD76FF1BC}.Debug|Win32.Build.0 = Debug|Win32
		{8D56DC58-423B-40CD-8F85-AACFD76FF1BC}.Release|Win32.ActiveCfg = Release|Win32
		{8D56DC58-423B-40CD-8F85-AACFD76FF1BC}.Release|Win32.Build.0 = Release|Win32
		{B86C94BE-AF0D-4A16-B53B-48C4DD0F7415}.Debug|Win32.ActiveCfg = Debug|Win32
		{B86C94BE-AF0D-4A16-B53B-48C4DD0F7415}.Debug|Win32.Build.0 = Debug|Win32
		{B86C94BE-AF0D-4A16-B53B-48C4DD0F7415}.Release|Win32.ActiveCfg = Release|Win32
		{B86C94BE-AF0D-4A16-B53B-48C4DD0F7415}.Release|Win32.Build.0 = Release|Win32
	EndGlobalSection
	GlobalSection(SolutionProperties) = preSolution
		HideSolutionNode = FALSE
	EndGlobalSection
EndGlobal
